
Microsoft Visual Studio Solution File, Format Version 12.00
# Visual Studio Version 17
VisualStudioVersion = 17.5.002.0
MinimumVisualStudioVersion = 10.0.40219.1
Project("{9A19103F-16F7-4668-BE54-9A1E7A4F7556}") = "aspnetapp", "aspnetapp.csproj", "{854A1302-7E2A-452E-99EB-77CDB3311280}"
EndProject
Global
	GlobalSection(SolutionConfigurationPlatforms) = preSolution
		Debug|Any CPU = Debug|Any CPU
		Release|Any CPU = Release|Any CPU
	EndGlobalSection
	GlobalSection(ProjectConfigurationPlatforms) = postSolution
		{854A1302-7E2A-452E-99EB-77CDB3311280}.Debug|Any CPU.ActiveCfg = Debug|Any CPU
		{854A1302-7E2A-452E-99EB-77CDB3311280}.Debug|Any CPU.Build.0 = Debug|Any CPU
		{854A1302-7E2A-452E-99EB-77CDB3311280}.Release|Any CPU.ActiveCfg = Release|Any CPU
		{854A1302-7E2A-452E-99EB-77CDB3311280}.Release|Any CPU.Build.0 = Release|Any CPU
	EndGlobalSection
	GlobalSection(SolutionProperties) = preSolution
		HideSolutionNode = FALSE
	EndGlobalSection
	GlobalSection(ExtensibilityGlobals) = postSolution
		SolutionGuid = {E6642E1F-B116-42BC-9CED-0C5CD21E9DA5}
	EndGlobalSection
EndGlobal
